
Microsoft Visual Studio Solution File, Format Version 12.00
# Visual Studio 15
VisualStudioVersion = 15.0.28307.1340
MinimumVisualStudioVersion = 10.0.40219.1
Project("{FAE04EC0-301F-11D3-BF4B-00C04F79EFBC}") = "TechHW4", "TechHW4\TechHW4.csproj", "{88EEF2EB-225A-4676-90C7-E844C6F202C5}"
EndProject
Global
	GlobalSection(SolutionConfigurationPlatforms) = preSolution
		Debug|Any CPU = Debug|Any CPU
		Release|Any CPU = Release|Any CPU
	EndGlobalSection
	GlobalSection(ProjectConfigurationPlatforms) = postSolution
		{88EEF2EB-225A-4676-90C7-E844C6F202C5}.Debug|Any CPU.ActiveCfg = Debug|Any CPU
		{88EEF2EB-225A-4676-90C7-E844C6F202C5}.Debug|Any CPU.Build.0 = Debug|Any CPU
		{88EEF2EB-225A-4676-90C7-E844C6F202C5}.Release|Any CPU.ActiveCfg = Release|Any CPU
		{88EEF2EB-225A-4676-90C7-E844C6F202C5}.Release|Any CPU.Build.0 = Release|Any CPU
	EndGlobalSection
	GlobalSection(SolutionProperties) = preSolution
		HideSolutionNode = FALSE
	EndGlobalSection
	GlobalSection(ExtensibilityGlobals) = postSolution
		SolutionGuid = {946D151A-F06E-4930-83FE-65DAD6267D6D}
	EndGlobalSection
EndGlobal
